
Microsoft Visual Studio Solution File, Format Version 12.00
# Visual Studio 15
VisualStudioVersion = 15.0.27130.2026
MinimumVisualStudioVersion = 10.0.40219.1
Project("{FAE04EC0-301F-11D3-BF4B-00C04F79EFBC}") = "EnterpriseProject", "EnterpriseProject\EnterpriseProject.csproj", "{283130DD-B88B-483C-ACFB-2FFD1CE20BE1}"
EndProject
Project("{FAE04EC0-301F-11D3-BF4B-00C04F79EFBC}") = "EnterpriseProject.Tests", "EnterpriseProject.Tests\EnterpriseProject.Tests.csproj", "{81DB4E15-572E-4AC6-A34D-D163D7289513}"
EndProject
Global
	GlobalSection(SolutionConfigurationPlatforms) = preSolution
		Debug|Any CPU = Debug|Any CPU
		Release|Any CPU = Release|Any CPU
	EndGlobalSection
	GlobalSection(ProjectConfigurationPlatforms) = postSolution
		{283130DD-B88B-483C-ACFB-2FFD1CE20BE1}.Debug|Any CPU.ActiveCfg = Debug|Any CPU
		{283130DD-B88B-483C-ACFB-2FFD1CE20BE1}.Debug|Any CPU.Build.0 = Debug|Any CPU
		{283130DD-B88B-483C-ACFB-2FFD1CE20BE1}.Release|Any CPU.ActiveCfg = Release|Any CPU
		{283130DD-B88B-483C-ACFB-2FFD1CE20BE1}.Release|Any CPU.Build.0 = Release|Any CPU
		{81DB4E15-572E-4AC6-A34D-D163D7289513}.Debug|Any CPU.ActiveCfg = Debug|Any CPU
		{81DB4E15-572E-4AC6-A34D-D163D7289513}.Debug|Any CPU.Build.0 = Debug|Any CPU
		{81DB4E15-572E-4AC6-A34D-D163D7289513}.Release|Any CPU.ActiveCfg = Release|Any CPU
		{81DB4E15-572E-4AC6-A34D-D163D7289513}.Release|Any CPU.Build.0 = Release|Any CPU
	EndGlobalSection
	GlobalSection(SolutionProperties) = preSolution
		HideSolutionNode = FALSE
	EndGlobalSection
	GlobalSection(ExtensibilityGlobals) = postSolution
		SolutionGuid = {4E66297D-EF20-445A-BA3E-A889BC3CB51F}
	EndGlobalSection
EndGlobal
